
Microsoft Visual Studio Solution File, Format Version 12.00
# Visual Studio Version 16
VisualStudioVersion = 16.0.30114.105
MinimumVisualStudioVersion = 10.0.40219.1
Project("{FAE04EC0-301F-11D3-BF4B-00C04F79EFBC}") = "TransactionSorterBackend", "TransactionSorterBackend\TransactionSorterBackend.csproj", "{B1C436FD-F1D5-4FD3-A730-D8CBB7BAE359}"
EndProject
Project("{FAE04EC0-301F-11D3-BF4B-00C04F79EFBC}") = "TransactionSorterBackend.Test", "TransactionSorterBackend.Test\TransactionSorterBackend.Test.csproj", "{68330540-5C35-46F7-9809-9D3EF2A9C82B}"
EndProject
Global
	GlobalSection(SolutionConfigurationPlatforms) = preSolution
		Debug|Any CPU = Debug|Any CPU
		Release|Any CPU = Release|Any CPU
	EndGlobalSection
	GlobalSection(SolutionProperties) = preSolution
		HideSolutionNode = FALSE
	EndGlobalSection
	GlobalSection(ProjectConfigurationPlatforms) = postSolution
		{B1C436FD-F1D5-4FD3-A730-D8CBB7BAE359}.Debug|Any CPU.ActiveCfg = Debug|Any CPU
		{B1C436FD-F1D5-4FD3-A730-D8CBB7BAE359}.Debug|Any CPU.Build.0 = Debug|Any CPU
		{B1C436FD-F1D5-4FD3-A730-D8CBB7BAE359}.Release|Any CPU.ActiveCfg = Release|Any CPU
		{B1C436FD-F1D5-4FD3-A730-D8CBB7BAE359}.Release|Any CPU.Build.0 = Release|Any CPU
		{68330540-5C35-46F7-9809-9D3EF2A9C82B}.Debug|Any CPU.ActiveCfg = Debug|Any CPU
		{68330540-5C35-46F7-9809-9D3EF2A9C82B}.Debug|Any CPU.Build.0 = Debug|Any CPU
		{68330540-5C35-46F7-9809-9D3EF2A9C82B}.Release|Any CPU.ActiveCfg = Release|Any CPU
		{68330540-5C35-46F7-9809-9D3EF2A9C82B}.Release|Any CPU.Build.0 = Release|Any CPU
	EndGlobalSection
EndGlobal
